# This file is automatically @generated by Cargo.
# It is not intended for manual editing.
version = 4

[[package]]
name = "proteus-client"
version = "0.1.0"

[[package]]
name = "proteus-core"
version = "0.1.0"

[[package]]
name = "proteus-server"
version = "0.1.0"

[[package]]
name = "proteus-tools"
version = "0.1.0"
